// !$*UTF8*$!
{
	archiveVersion = 1;
	classes = {
	};
	objectVersion = 46;
	objects = {

/* Begin PBXBuildFile section */
		17360BCD18257A470023E6DB /* CoreGraphics.framework in Frameworks */ = {isa = PBXBuildFile; fileRef = 17360BCC18257A470023E6DB /* CoreGraphics.framework */; };
		17360BCF18257A470023E6DB /* UIKit.framework in Frameworks */ = {isa = PBXBuildFile; fileRef = 17360BCE18257A470023E6DB /* UIKit.framework */; };
		17360BD518257A470023E6DB /* InfoPlist.strings in Resources */ = {isa = PBXBuildFile; fileRef = 17360BD318257A470023E6DB /* InfoPlist.strings */; };
		17360BD718257A470023E6DB /* main.m in Sources */ = {isa = PBXBuildFile; fileRef = 17360BD618257A470023E6DB /* main.m */; };
		17360BDB18257A470023E6DB /* SafetySpectAppDelegate.m in Sources */ = {isa = PBXBuildFile; fileRef = 17360BDA18257A470023E6DB /* SafetySpectAppDelegate.m */; };
		17360BDE18257A470023E6DB /* Main.storyboard in Resources */ = {isa = PBXBuildFile; fileRef = 17360BDC18257A470023E6DB /* Main.storyboard */; };
		17360BE118257A470023E6DB /* SafetySpectViewController.m in Sources */ = {isa = PBXBuildFile; fileRef = 17360BE018257A470023E6DB /* SafetySpectViewController.m */; };
		17360BE318257A470023E6DB /* Images.xcassets in Resources */ = {isa = PBXBuildFile; fileRef = 17360BE218257A470023E6DB /* Images.xcassets */; };
		17360BEA18257A470023E6DB /* XCTest.framework in Frameworks */ = {isa = PBXBuildFile; fileRef = 17360BE918257A470023E6DB /* XCTest.framework */; };
		17360BEB18257A470023E6DB /* Foundation.framework in Frameworks */ = {isa = PBXBuildFile; fileRef = 17360BCA18257A470023E6DB /* Foundation.framework */; };
		17360BEC18257A470023E6DB /* UIKit.framework in Frameworks */ = {isa = PBXBuildFile; fileRef = 17360BCE18257A470023E6DB /* UIKit.framework */; };
		17360BF418257A470023E6DB /* InfoPlist.strings in Resources */ = {isa = PBXBuildFile; fileRef = 17360BF218257A470023E6DB /* InfoPlist.strings */; };
		17360BF618257A470023E6DB /* SafetySpectTests.m in Sources */ = {isa = PBXBuildFile; fileRef = 17360BF518257A470023E6DB /* SafetySpectTests.m */; };
		17360C0018258CC20023E6DB /* MapKit.framework in Frameworks */ = {isa = PBXBuildFile; fileRef = 17360BFF18258CC10023E6DB /* MapKit.framework */; };
		17360C0518259F030023E6DB /* CoreLocation.framework in Frameworks */ = {isa = PBXBuildFile; fileRef = 17360C0418259F030023E6DB /* CoreLocation.framework */; };
		17360C081825C4A10023E6DB /* SafetySpectSettingsViewController.m in Sources */ = {isa = PBXBuildFile; fileRef = 17360C071825C4A10023E6DB /* SafetySpectSettingsViewController.m */; };
		17F965C01825DC72007BD9FC /* Parse.framework in Frameworks */ = {isa = PBXBuildFile; fileRef = 17F965BF1825DC72007BD9FC /* Parse.framework */; };
		17F965C21825DE48007BD9FC /* AudioToolbox.framework in Frameworks */ = {isa = PBXBuildFile; fileRef = 17F965C11825DE48007BD9FC /* AudioToolbox.framework */; };
		17F965C41825DE53007BD9FC /* CFNetwork.framework in Frameworks */ = {isa = PBXBuildFile; fileRef = 17F965C31825DE53007BD9FC /* CFNetwork.framework */; };
		17F965C61825DE8C007BD9FC /* libz.1.1.3.dylib in Frameworks */ = {isa = PBXBuildFile; fileRef = 17F965C51825DE8C007BD9FC /* libz.1.1.3.dylib */; };
		17F965C81825DE96007BD9FC /* MobileCoreServices.framework in Frameworks */ = {isa = PBXBuildFile; fileRef = 17F965C71825DE96007BD9FC /* MobileCoreServices.framework */; };
		17F965CA1825DE9D007BD9FC /* QuartzCore.framework in Frameworks */ = {isa = PBXBuildFile; fileRef = 17F965C91825DE9D007BD9FC /* QuartzCore.framework */; };
		17F965CC1825DEA4007BD9FC /* Security.framework in Frameworks */ = {isa = PBXBuildFile; fileRef = 17F965CB1825DEA4007BD9FC /* Security.framework */; };
		17F965CE1825DED3007BD9FC /* StoreKit.framework in Frameworks */ = {isa = PBXBuildFile; fileRef = 17F965CD1825DED3007BD9FC /* StoreKit.framework */; };
		17F965D01825DEDF007BD9FC /* SystemConfiguration.framework in Frameworks */ = {isa = PBXBuildFile; fileRef = 17F965CF1825DEDF007BD9FC /* SystemConfiguration.framework */; };
		17F965D11825DF0F007BD9FC /* Foundation.framework in Frameworks */ = {isa = PBXBuildFile; fileRef = 17360BCA18257A470023E6DB /* Foundation.framework */; };
		17F965D41825E188007BD9FC /* UserGenerated.m in Sources */ = {isa = PBXBuildFile; fileRef = 17F965D31825E188007BD9FC /* UserGenerated.m */; };
		17F965D71825E19C007BD9FC /* UserGeneratedItem.m in Sources */ = {isa = PBXBuildFile; fileRef = 17F965D61825E19C007BD9FC /* UserGeneratedItem.m */; };
		9E2CE898182592DD00117B60 /* CrimeSpotting.m in Sources */ = {isa = PBXBuildFile; fileRef = 9E2CE895182592DD00117B60 /* CrimeSpotting.m */; };
		9E2CE899182592DD00117B60 /* CrimeSpottingItem.m in Sources */ = {isa = PBXBuildFile; fileRef = 9E2CE897182592DD00117B60 /* CrimeSpottingItem.m */; };
/* End PBXBuildFile section */

/* Begin PBXContainerItemProxy section */
		17360BED18257A470023E6DB /* PBXContainerItemProxy */ = {
			isa = PBXContainerItemProxy;
			containerPortal = 17360BBF18257A470023E6DB /* Project object */;
			proxyType = 1;
			remoteGlobalIDString = 17360BC618257A470023E6DB;
			remoteInfo = SafetySpect;
		};
/* End PBXContainerItemProxy section */

/* Begin PBXFileReference section */
		17360BC718257A470023E6DB /* SafetySpect.app */ = {isa = PBXFileReference; explicitFileType = wrapper.application; includeInIndex = 0; path = SafetySpect.app; sourceTree = BUILT_PRODUCTS_DIR; };
		17360BCA18257A470023E6DB /* Foundation.framework */ = {isa = PBXFileReference; lastKnownFileType = wrapper.framework; name = Foundation.framework; path = System/Library/Frameworks/Foundation.framework; sourceTree = SDKROOT; };
		17360BCC18257A470023E6DB /* CoreGraphics.framework */ = {isa = PBXFileReference; lastKnownFileType = wrapper.framework; name = CoreGraphics.framework; path = System/Library/Frameworks/CoreGraphics.framework; sourceTree = SDKROOT; };
		17360BCE18257A470023E6DB /* UIKit.framework */ = {isa = PBXFileReference; lastKnownFileType = wrapper.framework; name = UIKit.framework; path = System/Library/Frameworks/UIKit.framework; sourceTree = SDKROOT; };
		17360BD218257A470023E6DB /* SafetySpect-Info.plist */ = {isa = PBXFileReference; lastKnownFileType = text.plist.xml; path = "SafetySpect-Info.plist"; sourceTree = "<group>"; };
		17360BD418257A470023E6DB /* en */ = {isa = PBXFileReference; lastKnownFileType = text.plist.strings; name = en; path = en.lproj/InfoPlist.strings; sourceTree = "<group>"; };
		17360BD618257A470023E6DB /* main.m */ = {isa = PBXFileReference; lastKnownFileType = sourcecode.c.objc; path = main.m; sourceTree = "<group>"; };
		17360BD818257A470023E6DB /* SafetySpect-Prefix.pch */ = {isa = PBXFileReference; lastKnownFileType = sourcecode.c.h; path = "SafetySpect-Prefix.pch"; sourceTree = "<group>"; };
		17360BD918257A470023E6DB /* SafetySpectAppDelegate.h */ = {isa = PBXFileReference; lastKnownFileType = sourcecode.c.h; path = SafetySpectAppDelegate.h; sourceTree = "<group>"; };
		17360BDA18257A470023E6DB /* SafetySpectAppDelegate.m */ = {isa = PBXFileReference; lastKnownFileType = sourcecode.c.objc; path = SafetySpectAppDelegate.m; sourceTree = "<group>"; };
		17360BDD18257A470023E6DB /* Base */ = {isa = PBXFileReference; lastKnownFileType = file.storyboard; name = Base; path = Base.lproj/Main.storyboard; sourceTree = "<group>"; };
		17360BDF18257A470023E6DB /* SafetySpectViewController.h */ = {isa = PBXFileReference; lastKnownFileType = sourcecode.c.h; path = SafetySpectViewController.h; sourceTree = "<group>"; };
		17360BE018257A470023E6DB /* SafetySpectViewController.m */ = {isa = PBXFileReference; lastKnownFileType = sourcecode.c.objc; path = SafetySpectViewController.m; sourceTree = "<group>"; };
		17360BE218257A470023E6DB /* Images.xcassets */ = {isa = PBXFileReference; lastKnownFileType = folder.assetcatalog; path = Images.xcassets; sourceTree = "<group>"; };
		17360BE818257A470023E6DB /* SafetySpectTests.xctest */ = {isa = PBXFileReference; explicitFileType = wrapper.cfbundle; includeInIndex = 0; path = SafetySpectTests.xctest; sourceTree = BUILT_PRODUCTS_DIR; };
		17360BE918257A470023E6DB /* XCTest.framework */ = {isa = PBXFileReference; lastKnownFileType = wrapper.framework; name = XCTest.framework; path = Library/Frameworks/XCTest.framework; sourceTree = DEVELOPER_DIR; };
		17360BF118257A470023E6DB /* SafetySpectTests-Info.plist */ = {isa = PBXFileReference; lastKnownFileType = text.plist.xml; path = "SafetySpectTests-Info.plist"; sourceTree = "<group>"; };
		17360BF318257A470023E6DB /* en */ = {isa = PBXFileReference; lastKnownFileType = text.plist.strings; name = en; path = en.lproj/InfoPlist.strings; sourceTree = "<group>"; };
		17360BF518257A470023E6DB /* SafetySpectTests.m */ = {isa = PBXFileReference; lastKnownFileType = sourcecode.c.objc; path = SafetySpectTests.m; sourceTree = "<group>"; };
		17360BFF18258CC10023E6DB /* MapKit.framework */ = {isa = PBXFileReference; lastKnownFileType = wrapper.framework; name = MapKit.framework; path = System/Library/Frameworks/MapKit.framework; sourceTree = SDKROOT; };
		17360C0418259F030023E6DB /* CoreLocation.framework */ = {isa = PBXFileReference; lastKnownFileType = wrapper.framework; name = CoreLocation.framework; path = System/Library/Frameworks/CoreLocation.framework; sourceTree = SDKROOT; };
		17360C061825C4A10023E6DB /* SafetySpectSettingsViewController.h */ = {isa = PBXFileReference; fileEncoding = 4; lastKnownFileType = sourcecode.c.h; path = SafetySpectSettingsViewController.h; sourceTree = "<group>"; };
		17360C071825C4A10023E6DB /* SafetySpectSettingsViewController.m */ = {isa = PBXFileReference; fileEncoding = 4; lastKnownFileType = sourcecode.c.objc; path = SafetySpectSettingsViewController.m; sourceTree = "<group>"; };
		17F965BF1825DC72007BD9FC /* Parse.framework */ = {isa = PBXFileReference; lastKnownFileType = wrapper.framework; path = Parse.framework; sourceTree = "<group>"; };
		17F965C11825DE48007BD9FC /* AudioToolbox.framework */ = {isa = PBXFileReference; lastKnownFileType = wrapper.framework; name = AudioToolbox.framework; path = System/Library/Frameworks/AudioToolbox.framework; sourceTree = SDKROOT; };
		17F965C31825DE53007BD9FC /* CFNetwork.framework */ = {isa = PBXFileReference; lastKnownFileType = wrapper.framework; name = CFNetwork.framework; path = System/Library/Frameworks/CFNetwork.framework; sourceTree = SDKROOT; };
		17F965C51825DE8C007BD9FC /* libz.1.1.3.dylib */ = {isa = PBXFileReference; lastKnownFileType = "compiled.mach-o.dylib"; name = libz.1.1.3.dylib; path = usr/lib/libz.1.1.3.dylib; sourceTree = SDKROOT; };
		17F965C71825DE96007BD9FC /* MobileCoreServices.framework */ = {isa = PBXFileReference; lastKnownFileType = wrapper.framework; name = MobileCoreServices.framework; path = System/Library/Frameworks/MobileCoreServices.framework; sourceTree = SDKROOT; };
		17F965C91825DE9D007BD9FC /* QuartzCore.framework */ = {isa = PBXFileReference; lastKnownFileType = wrapper.framework; name = QuartzCore.framework; path = System/Library/Frameworks/QuartzCore.framework; sourceTree = SDKROOT; };
		17F965CB1825DEA4007BD9FC /* Security.framework */ = {isa = PBXFileReference; lastKnownFileType = wrapper.framework; name = Security.framework; path = System/Library/Frameworks/Security.framework; sourceTree = SDKROOT; };
		17F965CD1825DED3007BD9FC /* StoreKit.framework */ = {isa = PBXFileReference; lastKnownFileType = wrapper.framework; name = StoreKit.framework; path = System/Library/Frameworks/StoreKit.framework; sourceTree = SDKROOT; };
		17F965CF1825DEDF007BD9FC /* SystemConfiguration.framework */ = {isa = PBXFileReference; lastKnownFileType = wrapper.framework; name = SystemConfiguration.framework; path = System/Library/Frameworks/SystemConfiguration.framework; sourceTree = SDKROOT; };
		17F965D21825E188007BD9FC /* UserGenerated.h */ = {isa = PBXFileReference; fileEncoding = 4; lastKnownFileType = sourcecode.c.h; path = UserGenerated.h; sourceTree = "<group>"; };
		17F965D31825E188007BD9FC /* UserGenerated.m */ = {isa = PBXFileReference; fileEncoding = 4; lastKnownFileType = sourcecode.c.objc; path = UserGenerated.m; sourceTree = "<group>"; };
		17F965D51825E19C007BD9FC /* UserGeneratedItem.h */ = {isa = PBXFileReference; fileEncoding = 4; lastKnownFileType = sourcecode.c.h; path = UserGeneratedItem.h; sourceTree = "<group>"; };
		17F965D61825E19C007BD9FC /* UserGeneratedItem.m */ = {isa = PBXFileReference; fileEncoding = 4; lastKnownFileType = sourcecode.c.objc; path = UserGeneratedItem.m; sourceTree = "<group>"; };
		9E2CE894182592DD00117B60 /* CrimeSpotting.h */ = {isa = PBXFileReference; fileEncoding = 4; lastKnownFileType = sourcecode.c.h; path = CrimeSpotting.h; sourceTree = "<group>"; };
		9E2CE895182592DD00117B60 /* CrimeSpotting.m */ = {isa = PBXFileReference; fileEncoding = 4; lastKnownFileType = sourcecode.c.objc; path = CrimeSpotting.m; sourceTree = "<group>"; };
		9E2CE896182592DD00117B60 /* CrimeSpottingItem.h */ = {isa = PBXFileReference; fileEncoding = 4; lastKnownFileType = sourcecode.c.h; path = CrimeSpottingItem.h; sourceTree = "<group>"; };
		9E2CE897182592DD00117B60 /* CrimeSpottingItem.m */ = {isa = PBXFileReference; fileEncoding = 4; lastKnownFileType = sourcecode.c.objc; path = CrimeSpottingItem.m; sourceTree = "<group>"; };
/* End PBXFileReference section */

/* Begin PBXFrameworksBuildPhase section */
		17360BC418257A470023E6DB /* Frameworks */ = {
			isa = PBXFrameworksBuildPhase;
			buildActionMask = 2147483647;
			files = (
				17F965D01825DEDF007BD9FC /* SystemConfiguration.framework in Frameworks */,
				17F965CE1825DED3007BD9FC /* StoreKit.framework in Frameworks */,
				17F965CC1825DEA4007BD9FC /* Security.framework in Frameworks */,
				17F965CA1825DE9D007BD9FC /* QuartzCore.framework in Frameworks */,
				17F965C81825DE96007BD9FC /* MobileCoreServices.framework in Frameworks */,
				17F965C61825DE8C007BD9FC /* libz.1.1.3.dylib in Frameworks */,
				17360C0518259F030023E6DB /* CoreLocation.framework in Frameworks */,
				17360BCD18257A470023E6DB /* CoreGraphics.framework in Frameworks */,
				17F965C41825DE53007BD9FC /* CFNetwork.framework in Frameworks */,
				17F965C21825DE48007BD9FC /* AudioToolbox.framework in Frameworks */,
				17360C0018258CC20023E6DB /* MapKit.framework in Frameworks */,
				17360BCF18257A470023E6DB /* UIKit.framework in Frameworks */,
				17F965C01825DC72007BD9FC /* Parse.framework in Frameworks */,
				17F965D11825DF0F007BD9FC /* Foundation.framework in Frameworks */,
			);
			runOnlyForDeploymentPostprocessing = 0;
		};
		17360BE518257A470023E6DB /* Frameworks */ = {
			isa = PBXFrameworksBuildPhase;
			buildActionMask = 2147483647;
			files = (
				17360BEA18257A470023E6DB /* XCTest.framework in Frameworks */,
				17360BEC18257A470023E6DB /* UIKit.framework in Frameworks */,
				17360BEB18257A470023E6DB /* Foundation.framework in Frameworks */,
			);
			runOnlyForDeploymentPostprocessing = 0;
		};
/* End PBXFrameworksBuildPhase section */

/* Begin PBXGroup section */
		17360BBE18257A470023E6DB = {
			isa = PBXGroup;
			children = (
				17360BD018257A470023E6DB /* SafetySpect */,
				17360BEF18257A470023E6DB /* SafetySpectTests */,
				17360BC918257A470023E6DB /* Frameworks */,
				17360BC818257A470023E6DB /* Products */,
			);
			sourceTree = "<group>";
		};
		17360BC818257A470023E6DB /* Products */ = {
			isa = PBXGroup;
			children = (
				17360BC718257A470023E6DB /* SafetySpect.app */,
				17360BE818257A470023E6DB /* SafetySpectTests.xctest */,
			);
			name = Products;
			sourceTree = "<group>";
		};
		17360BC918257A470023E6DB /* Frameworks */ = {
			isa = PBXGroup;
			children = (
				17F965CF1825DEDF007BD9FC /* SystemConfiguration.framework */,
				17F965CD1825DED3007BD9FC /* StoreKit.framework */,
				17F965CB1825DEA4007BD9FC /* Security.framework */,
				17F965C91825DE9D007BD9FC /* QuartzCore.framework */,
				17F965C71825DE96007BD9FC /* MobileCoreServices.framework */,
				17F965C51825DE8C007BD9FC /* libz.1.1.3.dylib */,
				17F965C31825DE53007BD9FC /* CFNetwork.framework */,
				17F965C11825DE48007BD9FC /* AudioToolbox.framework */,
				17F965BF1825DC72007BD9FC /* Parse.framework */,
				17360C0418259F030023E6DB /* CoreLocation.framework */,
				17360BFF18258CC10023E6DB /* MapKit.framework */,
				17360BCA18257A470023E6DB /* Foundation.framework */,
				17360BCC18257A470023E6DB /* CoreGraphics.framework */,
				17360BCE18257A470023E6DB /* UIKit.framework */,
				17360BE918257A470023E6DB /* XCTest.framework */,
			);
			name = Frameworks;
			sourceTree = "<group>";
		};
		17360BD018257A470023E6DB /* SafetySpect */ = {
			isa = PBXGroup;
			children = (
				9E2CE893182592CA00117B60 /* Models */,
				17360BDC18257A470023E6DB /* Main.storyboard */,
				17360C061825C4A10023E6DB /* SafetySpectSettingsViewController.h */,
				17360C071825C4A10023E6DB /* SafetySpectSettingsViewController.m */,
				17360BDF18257A470023E6DB /* SafetySpectViewController.h */,
				17360BE018257A470023E6DB /* SafetySpectViewController.m */,
				17360BE218257A470023E6DB /* Images.xcassets */,
				17360BD118257A470023E6DB /* Supporting Files */,
			);
			path = SafetySpect;
			sourceTree = "<group>";
		};
		17360BD118257A470023E6DB /* Supporting Files */ = {
			isa = PBXGroup;
			children = (
				17360BD918257A470023E6DB /* SafetySpectAppDelegate.h */,
				17360BDA18257A470023E6DB /* SafetySpectAppDelegate.m */,
				17360BD218257A470023E6DB /* SafetySpect-Info.plist */,
				17360BD318257A470023E6DB /* InfoPlist.strings */,
				17360BD618257A470023E6DB /* main.m */,
				17360BD818257A470023E6DB /* SafetySpect-Prefix.pch */,
			);
			name = "Supporting Files";
			sourceTree = "<group>";
		};
		17360BEF18257A470023E6DB /* SafetySpectTests */ = {
			isa = PBXGroup;
			children = (
				17360BF518257A470023E6DB /* SafetySpectTests.m */,
				17360BF018257A470023E6DB /* Supporting Files */,
			);
			path = SafetySpectTests;
			sourceTree = "<group>";
		};
		17360BF018257A470023E6DB /* Supporting Files */ = {
			isa = PBXGroup;
			children = (
				17360BF118257A470023E6DB /* SafetySpectTests-Info.plist */,
				17360BF218257A470023E6DB /* InfoPlist.strings */,
			);
			name = "Supporting Files";
			sourceTree = "<group>";
		};
		9E2CE893182592CA00117B60 /* Models */ = {
			isa = PBXGroup;
			children = (
				9E2CE894182592DD00117B60 /* CrimeSpotting.h */,
				9E2CE895182592DD00117B60 /* CrimeSpotting.m */,
				9E2CE896182592DD00117B60 /* CrimeSpottingItem.h */,
				9E2CE897182592DD00117B60 /* CrimeSpottingItem.m */,
				17F965D21825E188007BD9FC /* UserGenerated.h */,
				17F965D31825E188007BD9FC /* UserGenerated.m */,
				17F965D51825E19C007BD9FC /* UserGeneratedItem.h */,
				17F965D61825E19C007BD9FC /* UserGeneratedItem.m */,
			);
			name = Models;
			sourceTree = "<group>";
		};
/* End PBXGroup section */

/* Begin PBXNativeTarget section */
		17360BC618257A470023E6DB /* SafetySpect */ = {
			isa = PBXNativeTarget;
			buildConfigurationList = 17360BF918257A470023E6DB /* Build configuration list for PBXNativeTarget "SafetySpect" */;
			buildPhases = (
				17360BC318257A470023E6DB /* Sources */,
				17360BC418257A470023E6DB /* Frameworks */,
				17360BC518257A470023E6DB /* Resources */,
			);
			buildRules = (
			);
			dependencies = (
			);
			name = SafetySpect;
			productName = SafetySpect;
			productReference = 17360BC718257A470023E6DB /* SafetySpect.app */;
			productType = "com.apple.product-type.application";
		};
		17360BE718257A470023E6DB /* SafetySpectTests */ = {
			isa = PBXNativeTarget;
			buildConfigurationList = 17360BFC18257A470023E6DB /* Build configuration list for PBXNativeTarget "SafetySpectTests" */;
			buildPhases = (
				17360BE418257A470023E6DB /* Sources */,
				17360BE518257A470023E6DB /* Frameworks */,
				17360BE618257A470023E6DB /* Resources */,
			);
			buildRules = (
			);
			dependencies = (
				17360BEE18257A470023E6DB /* PBXTargetDependency */,
			);
			name = SafetySpectTests;
			productName = SafetySpectTests;
			productReference = 17360BE818257A470023E6DB /* SafetySpectTests.xctest */;
			productType = "com.apple.product-type.bundle.unit-test";
		};
/* End PBXNativeTarget section */

/* Begin PBXProject section */
		17360BBF18257A470023E6DB /* Project object */ = {
			isa = PBXProject;
			attributes = {
				CLASSPREFIX = SafetySpect;
				LastUpgradeCheck = 0500;
				ORGANIZATIONNAME = "Buffalo&Akshar&Mark";
				TargetAttributes = {
					17360BE718257A470023E6DB = {
						TestTargetID = 17360BC618257A470023E6DB;
					};
				};
			};
			buildConfigurationList = 17360BC218257A470023E6DB /* Build configuration list for PBXProject "SafetySpect" */;
			compatibilityVersion = "Xcode 3.2";
			developmentRegion = English;
			hasScannedForEncodings = 0;
			knownRegions = (
				en,
				Base,
			);
			mainGroup = 17360BBE18257A470023E6DB;
			productRefGroup = 17360BC818257A470023E6DB /* Products */;
			projectDirPath = "";
			projectRoot = "";
			targets = (
				17360BC618257A470023E6DB /* SafetySpect */,
				17360BE718257A470023E6DB /* SafetySpectTests */,
			);
		};
/* End PBXProject section */

/* Begin PBXResourcesBuildPhase section */
		17360BC518257A470023E6DB /* Resources */ = {
			isa = PBXResourcesBuildPhase;
			buildActionMask = 2147483647;
			files = (
				17360BE318257A470023E6DB /* Images.xcassets in Resources */,
				17360BD518257A470023E6DB /* InfoPlist.strings in Resources */,
				17360BDE18257A470023E6DB /* Main.storyboard in Resources */,
			);
			runOnlyForDeploymentPostprocessing = 0;
		};
		17360BE618257A470023E6DB /* Resources */ = {
			isa = PBXResourcesBuildPhase;
			buildActionMask = 2147483647;
			files = (
				17360BF418257A470023E6DB /* InfoPlist.strings in Resources */,
			);
			runOnlyForDeploymentPostprocessing = 0;
		};
/* End PBXResourcesBuildPhase section */

/* Begin PBXSourcesBuildPhase section */
		17360BC318257A470023E6DB /* Sources */ = {
			isa = PBXSourcesBuildPhase;
			buildActionMask = 2147483647;
			files = (
				17360BDB18257A470023E6DB /* SafetySpectAppDelegate.m in Sources */,
				17360C081825C4A10023E6DB /* SafetySpectSettingsViewController.m in Sources */,
				17360BD718257A470023E6DB /* main.m in Sources */,
				17F965D71825E19C007BD9FC /* UserGeneratedItem.m in Sources */,
				9E2CE898182592DD00117B60 /* CrimeSpotting.m in Sources */,
				17360BE118257A470023E6DB /* SafetySpectViewController.m in Sources */,
				17F965D41825E188007BD9FC /* UserGenerated.m in Sources */,
				9E2CE899182592DD00117B60 /* CrimeSpottingItem.m in Sources */,
			);
			runOnlyForDeploymentPostprocessing = 0;
		};
		17360BE418257A470023E6DB /* Sources */ = {
			isa = PBXSourcesBuildPhase;
			buildActionMask = 2147483647;
			files = (
				17360BF618257A470023E6DB /* SafetySpectTests.m in Sources */,
			);
			runOnlyForDeploymentPostprocessing = 0;
		};
/* End PBXSourcesBuildPhase section */

/* Begin PBXTargetDependency section */
		17360BEE18257A470023E6DB /* PBXTargetDependency */ = {
			isa = PBXTargetDependency;
			target = 17360BC618257A470023E6DB /* SafetySpect */;
			targetProxy = 17360BED18257A470023E6DB /* PBXContainerItemProxy */;
		};
/* End PBXTargetDependency section */

/* Begin PBXVariantGroup section */
		17360BD318257A470023E6DB /* InfoPlist.strings */ = {
			isa = PBXVariantGroup;
			children = (
				17360BD418257A470023E6DB /* en */,
			);
			name = InfoPlist.strings;
			sourceTree = "<group>";
		};
		17360BDC18257A470023E6DB /* Main.storyboard */ = {
			isa = PBXVariantGroup;
			children = (
				17360BDD18257A470023E6DB /* Base */,
			);
			name = Main.storyboard;
			sourceTree = "<group>";
		};
		17360BF218257A470023E6DB /* InfoPlist.strings */ = {
			isa = PBXVariantGroup;
			children = (
				17360BF318257A470023E6DB /* en */,
			);
			name = InfoPlist.strings;
			sourceTree = "<group>";
		};
/* End PBXVariantGroup section */

/* Begin XCBuildConfiguration section */
		17360BF718257A470023E6DB /* Debug */ = {
			isa = XCBuildConfiguration;
			buildSettings = {
				ALWAYS_SEARCH_USER_PATHS = NO;
				ARCHS = "$(ARCHS_STANDARD_INCLUDING_64_BIT)";
				CLANG_CXX_LANGUAGE_STANDARD = "gnu++0x";
				CLANG_CXX_LIBRARY = "libc++";
				CLANG_ENABLE_MODULES = YES;
				CLANG_ENABLE_OBJC_ARC = YES;
				CLANG_WARN_BOOL_CONVERSION = YES;
				CLANG_WARN_CONSTANT_CONVERSION = YES;
				CLANG_WARN_DIRECT_OBJC_ISA_USAGE = YES_ERROR;
				CLANG_WARN_EMPTY_BODY = YES;
				CLANG_WARN_ENUM_CONVERSION = YES;
				CLANG_WARN_INT_CONVERSION = YES;
				CLANG_WARN_OBJC_ROOT_CLASS = YES_ERROR;
				CLANG_WARN__DUPLICATE_METHOD_MATCH = YES;
				"CODE_SIGN_IDENTITY[sdk=iphoneos*]" = "iPhone Developer";
				COPY_PHASE_STRIP = NO;
				GCC_C_LANGUAGE_STANDARD = gnu99;
				GCC_DYNAMIC_NO_PIC = NO;
				GCC_OPTIMIZATION_LEVEL = 0;
				GCC_PREPROCESSOR_DEFINITIONS = (
					"DEBUG=1",
					"$(inherited)",
				);
				GCC_SYMBOLS_PRIVATE_EXTERN = NO;
				GCC_WARN_64_TO_32_BIT_CONVERSION = YES;
				GCC_WARN_ABOUT_RETURN_TYPE = YES_ERROR;
				GCC_WARN_UNDECLARED_SELECTOR = YES;
				GCC_WARN_UNINITIALIZED_AUTOS = YES;
				GCC_WARN_UNUSED_FUNCTION = YES;
				GCC_WARN_UNUSED_VARIABLE = YES;
				IPHONEOS_DEPLOYMENT_TARGET = 7.0;
				ONLY_ACTIVE_ARCH = YES;
				SDKROOT = iphoneos;
			};
			name = Debug;
		};
		17360BF818257A470023E6DB /* Release */ = {
			isa = XCBuildConfiguration;
			buildSettings = {
				ALWAYS_SEARCH_USER_PATHS = NO;
				ARCHS = "$(ARCHS_STANDARD_INCLUDING_64_BIT)";
				CLANG_CXX_LANGUAGE_STANDARD = "gnu++0x";
				CLANG_CXX_LIBRARY = "libc++";
				CLANG_ENABLE_MODULES = YES;
				CLANG_ENABLE_OBJC_ARC = YES;
				CLANG_WARN_BOOL_CONVERSION = YES;
				CLANG_WARN_CONSTANT_CONVERSION = YES;
				CLANG_WARN_DIRECT_OBJC_ISA_USAGE = YES_ERROR;
				CLANG_WARN_EMPTY_BODY = YES;
				CLANG_WARN_ENUM_CONVERSION = YES;
				CLANG_WARN_INT_CONVERSION = YES;
				CLANG_WARN_OBJC_ROOT_CLASS = YES_ERROR;
				CLANG_WARN__DUPLICATE_METHOD_MATCH = YES;
				"CODE_SIGN_IDENTITY[sdk=iphoneos*]" = "iPhone Developer";
				COPY_PHASE_STRIP = YES;
				ENABLE_NS_ASSERTIONS = NO;
				GCC_C_LANGUAGE_STANDARD = gnu99;
				GCC_WARN_64_TO_32_BIT_CONVERSION = YES;
				GCC_WARN_ABOUT_RETURN_TYPE = YES_ERROR;
				GCC_WARN_UNDECLARED_SELECTOR = YES;
				GCC_WARN_UNINITIALIZED_AUTOS = YES;
				GCC_WARN_UNUSED_FUNCTION = YES;
				GCC_WARN_UNUSED_VARIABLE = YES;
				IPHONEOS_DEPLOYMENT_TARGET = 7.0;
				SDKROOT = iphoneos;
				VALIDATE_PRODUCT = YES;
			};
			name = Release;
		};
		17360BFA18257A470023E6DB /* Debug */ = {
			isa = XCBuildConfiguration;
			buildSettings = {
				ASSETCATALOG_COMPILER_APPICON_NAME = AppIcon;
				ASSETCATALOG_COMPILER_LAUNCHIMAGE_NAME = LaunchImage;
				FRAMEWORK_SEARCH_PATHS = (
					"$(inherited)",
					/Users/aksharbonu/SecuritySpec,
				);
				GCC_PRECOMPILE_PREFIX_HEADER = YES;
				GCC_PREFIX_HEADER = "SafetySpect/SafetySpect-Prefix.pch";
				INFOPLIST_FILE = "SafetySpect/SafetySpect-Info.plist";
				PRODUCT_NAME = "$(TARGET_NAME)";
				WRAPPER_EXTENSION = app;
			};
			name = Debug;
		};
		17360BFB18257A470023E6DB /* Release */ = {
			isa = XCBuildConfiguration;
			buildSettings = {
				ASSETCATALOG_COMPILER_APPICON_NAME = AppIcon;
				ASSETCATALOG_COMPILER_LAUNCHIMAGE_NAME = LaunchImage;
				FRAMEWORK_SEARCH_PATHS = (
					"$(inherited)",
					/Users/aksharbonu/SecuritySpec,
				);
				GCC_PRECOMPILE_PREFIX_HEADER = YES;
				GCC_PREFIX_HEADER = "SafetySpect/SafetySpect-Prefix.pch";
				INFOPLIST_FILE = "SafetySpect/SafetySpect-Info.plist";
				PRODUCT_NAME = "$(TARGET_NAME)";
				WRAPPER_EXTENSION = app;
			};
			name = Release;
		};
		17360BFD18257A470023E6DB /* Debug */ = {
			isa = XCBuildConfiguration;
			buildSettings = {
				ARCHS = "$(ARCHS_STANDARD_INCLUDING_64_BIT)";
				BUNDLE_LOADER = "$(BUILT_PRODUCTS_DIR)/SafetySpect.app/SafetySpect";
				FRAMEWORK_SEARCH_PATHS = (
					"$(SDKROOT)/Developer/Library/Frameworks",
					"$(inherited)",
					"$(DEVELOPER_FRAMEWORKS_DIR)",
				);
				GCC_PRECOMPILE_PREFIX_HEADER = YES;
				GCC_PREFIX_HEADER = "SafetySpect/SafetySpect-Prefix.pch";
				GCC_PREPROCESSOR_DEFINITIONS = (
					"DEBUG=1",
					"$(inherited)",
				);
				INFOPLIST_FILE = "SafetySpectTests/SafetySpectTests-Info.plist";
				PRODUCT_NAME = "$(TARGET_NAME)";
				TEST_HOST = "$(BUNDLE_LOADER)";
				WRAPPER_EXTENSION = xctest;
			};
			name = Debug;
		};
		17360BFE18257A470023E6DB /* Release */ = {
			isa = XCBuildConfiguration;
			buildSettings = {
				ARCHS = "$(ARCHS_STANDARD_INCLUDING_64_BIT)";
				BUNDLE_LOADER = "$(BUILT_PRODUCTS_DIR)/SafetySpect.app/SafetySpect";
				FRAMEWORK_SEARCH_PATHS = (
					"$(SDKROOT)/Developer/Library/Frameworks",
					"$(inherited)",
					"$(DEVELOPER_FRAMEWORKS_DIR)",
				);
				GCC_PRECOMPILE_PREFIX_HEADER = YES;
				GCC_PREFIX_HEADER = "SafetySpect/SafetySpect-Prefix.pch";
				INFOPLIST_FILE = "SafetySpectTests/SafetySpectTests-Info.plist";
				PRODUCT_NAME = "$(TARGET_NAME)";
				TEST_HOST = "$(BUNDLE_LOADER)";
				WRAPPER_EXTENSION = xctest;
			};
			name = Release;
		};
/* End XCBuildConfiguration section */

/* Begin XCConfigurationList section */
		17360BC218257A470023E6DB /* Build configuration list for PBXProject "SafetySpect" */ = {
			isa = XCConfigurationList;
			buildConfigurations = (
				17360BF718257A470023E6DB /* Debug */,
				17360BF818257A470023E6DB /* Release */,
			);
			defaultConfigurationIsVisible = 0;
			defaultConfigurationName = Release;
		};
		17360BF918257A470023E6DB /* Build configuration list for PBXNativeTarget "SafetySpect" */ = {
			isa = XCConfigurationList;
			buildConfigurations = (
				17360BFA18257A470023E6DB /* Debug */,
				17360BFB18257A470023E6DB /* Release */,
			);
			defaultConfigurationIsVisible = 0;
			defaultConfigurationName = Release;
		};
		17360BFC18257A470023E6DB /* Build configuration list for PBXNativeTarget "SafetySpectTests" */ = {
			isa = XCConfigurationList;
			buildConfigurations = (
				17360BFD18257A470023E6DB /* Debug */,
				17360BFE18257A470023E6DB /* Release */,
			);
			defaultConfigurationIsVisible = 0;
			defaultConfigurationName = Release;
		};
/* End XCConfigurationList section */
	};
	rootObject = 17360BBF18257A470023E6DB /* Project object */;
}
